{
  "name": "xiaobao-cad",
  "version": "1.1.0",
  "lockfileVersion": 3,
  "requires": true,
  "packages": {
    "": {
      "name": "xiaobao-cad",
      "version": "1.1.0",
      "dependencies": {
        "@mlightcad/libredwg-web": "0.7.9",
        "opencascade.js": "1.1.1",
        "three": "0.185.1"
      }
    },
    "node_modules/@mlightcad/libredwg-web": {
      "version": "0.7.9",
      "resolved": "https://registry.npmjs.org/@mlightcad/libredwg-web/-/libredwg-web-0.7.9.tgz",
      "integrity": "sha512-tqjx0eCiR0CNI3TyO3LVYzl4ptuzSFm7asGn/C1YiJaEk7Vneto+lRrVUco85qw+PZDihaFLwWqdYIEse1swbA==",
      "license": "GPL-3.0",
      "engines": {
        "node": ">=20"
      }
    },
    "node_modules/opencascade.js": {
      "version": "1.1.1",
      "resolved": "https://registry.npmjs.org/opencascade.js/-/opencascade.js-1.1.1.tgz",
      "integrity": "sha512-lw6/vOl86+CkJ8d3V01mlbGAC0A49gc1HbwGcqGeKjk5SGRLiF15jyUuA8aYEvizcPNTu4Ta4A+Ut2DJgsa7AQ==",
      "license": "LGPL-2.1-only"
    },
    "node_modules/three": {
      "version": "0.185.1",
      "resolved": "https://registry.npmjs.org/three/-/three-0.185.1.tgz",
      "integrity": "sha512-5aojFCXKwnjBRZvUnt3WFfEcvUJgkN5LlijRFN95hMy8WVkG4I0QNcJE+OuWvuJ0bOdStrbfXn0pkd6/QyiAlg==",
      "license": "MIT"
    }
  }
}
